github.com/aws/aws-sdk-go v1.1.31 h1:nIieCWBUXWWG3RVOvdse1S8Msw/NdyCUQr9J7ezxmE8=
github.com/aws/aws-sdk-go v1.1.31/go.mod h1:ZRmQr0FajVIyZ4ZzBYKG5P3ZqPz9IHG41ZoMu1ADI3k=
github.com/dailyburn/bigquery v0.0.0-20160826205329-d6a62be95f73/go.mod h1:vzZhYuKQ9uFxIf3V3J9Ue/bO8RssREpxNuNSAb8Yh1E=
github.com/dailyburn/google-api-go-client-bigquery v0.0.0-20150806134645-5e46123b7921/go.mod h1:pCnVta0AZG5NPdTk/QckUXJY/+WwzrLKsCEp3IjOj8I=
github.com/go-ini/ini v1.11.0 h1:EDp2zFK6TR11mvDrWDask1bXLBUgqbIqG4R6Lq3EoKI=
github.com/go-ini/ini v1.11.0/go.mod h1:ByCAeIL28uOIIG0E3PJtZPDL8WnHpFKFOtgjp+3Ies8=
github.com/jlaffaye/ftp v0.0.0-20160229215238-025815df6403/go.mod h1:lli8NYPQOFy3O++YmYbqVgOcQ1JPCwdOy+5zSjKJ9qY=
github.com/jmespath/go-jmespath v0.0.0-20160202185014-0b12d6b521d8 h1:12VvqtR6Aowv3l/EQUlocDHW2Cp4G9WJVH7uyH8QFJE=
github.com/jmespath/go-jmespath v0.0.0-20160202185014-0b12d6b521d8/go.mod h1:Nht3zPeWKUH0NzdCt2Blrr5ys8VGpn0CEB0cQHVjt7k=
github.com/kisielk/sqlstruct v0.0.0-20150923205031-648daed35d49 h1:o/c0aWEP/m6n61xlYW2QP4t9424qlJOsxugn5Zds2Rg=
github.com/kisielk/sqlstruct v0.0.0-20150923205031-648daed35d49/go.mod h1:yyMNCyc/Ib3bDTKd379tNMpB/7/H5TjM2Y9QJ5THLbE=
github.com/kr/fs v0.0.0-20131111012553-2788f0dbd169 h1:YUrU1/jxRqnt0PSrKj1Uj/wEjk/fjnE80QFfi2Zlj7Q=
github.com/kr/fs v0.0.0-20131111012553-2788f0dbd169/go.mod h1:glhvuHOU9Hy7/8PwwdtnarXqLagOX0b/TbZx2zLMqEg=
github.com/pkg/errors v0.8.0 h1:WdK/asTD0HN+q6hsWO3/vpuAkAr+tw6aNJNDFFf0+qw=
github.com/pkg/errors v0.8.0/go.mod h1:bwawxfHBFNV+L2hUp1rHADufV3IMtnDRdf1r5NINEl0=
github.com/pkg/sftp v1.8.3 h1:9jSe2SxTM8/3bXZjtqnkgTBW+lA8db0knZJyns7gpBA=
github.com/pkg/sftp v1.8.3/go.mod h1:NxmoDg/QLVWluQDUYG7XBZTLUpKeFa8e3aMf1BfjyHk=
github.com/vaughan0/go-ini v0.0.0-20130923145212-a98ad7ee00ec/go.mod h1:owBmyHYMLkxyrugmfwE/DLJyW8Ro9mkphwuVErQ0iUw=
golang.org/x/crypto v0.0.0-20160425231106-c9aef117f53e h1:LvGl5cx59Gu3QIp600jk6OQAOc8vVMuXWAAuELwaiGA=
golang.org/x/crypto v0.0.0-20160425231106-c9aef117f53e/go.mod h1:6SG95UA2DQfeDnfUPMdvaQW0Q7yPrPDi9nlGo2tz2b4=
golang.org/x/net v0.0.0-20160422230351-b797637b7aee/go.mod h1:mL1N/T3taQHkDXs73rZJwtUhF3w3ftmwwsq0BUmARs4=
golang.org/x/oauth2 v0.0.0-20160415165716-7e9cd5d59563/go.mod h1:N/0e6XlmueqKjAGxoOufVs8QHGRruUQn6yWY3a++T0U=
google.golang.org/api v0.0.0-20151017180137-c83ee8e9b7e6/go.mod h1:4mhQ8q/RsB7i+udVvVy5NUi08OU8ZlA0gRVgrF7VFY0=
google.golang.org/cloud v0.0.0-20160422223556-90d95c0fd227/go.mod h1:0H1ncTHf11KCFhTc/+EFRbzSCOZx+VUbRMk55Yv5MYk=
